
Microsoft Visual Studio Solution File, Format Version 12.00
# Visual Studio Version 17
VisualStudioVersion = 17.5.33530.505
MinimumVisualStudioVersion = 10.0.40219.1
Project("{FAE04EC0-301F-11D3-BF4B-00C04F79EFBC}") = "Core", "Core\Core.csproj", "{BF97FEA1-2E2D-4B35-8F09-46843CC154C1}"
EndProject
Project("{FAE04EC0-301F-11D3-BF4B-00C04F79EFBC}") = "Produtor", "Produtor\Produtor.csproj", "{74A1C707-F38A-49C5-81DB-3871897040F2}"
EndProject
Global
	GlobalSection(SolutionConfigurationPlatforms) = preSolution
		Debug|Any CPU = Debug|Any CPU
		Release|Any CPU = Release|Any CPU
	EndGlobalSection
	GlobalSection(ProjectConfigurationPlatforms) = postSolution
		{BF97FEA1-2E2D-4B35-8F09-46843CC154C1}.Debug|Any CPU.ActiveCfg = Debug|Any CPU
		{BF97FEA1-2E2D-4B35-8F09-46843CC154C1}.Debug|Any CPU.Build.0 = Debug|Any CPU
		{BF97FEA1-2E2D-4B35-8F09-46843CC154C1}.Release|Any CPU.ActiveCfg = Release|Any CPU
		{BF97FEA1-2E2D-4B35-8F09-46843CC154C1}.Release|Any CPU.Build.0 = Release|Any CPU
		{74A1C707-F38A-49C5-81DB-3871897040F2}.Debug|Any CPU.ActiveCfg = Debug|Any CPU
		{74A1C707-F38A-49C5-81DB-3871897040F2}.Debug|Any CPU.Build.0 = Debug|Any CPU
		{74A1C707-F38A-49C5-81DB-3871897040F2}.Release|Any CPU.ActiveCfg = Release|Any CPU
		{74A1C707-F38A-49C5-81DB-3871897040F2}.Release|Any CPU.Build.0 = Release|Any CPU
	EndGlobalSection
	GlobalSection(SolutionProperties) = preSolution
		HideSolutionNode = FALSE
	EndGlobalSection
	GlobalSection(ExtensibilityGlobals) = postSolution
		SolutionGuid = {DABF3A05-2A2C-44E5-BA2A-5CDDC992DD17}
	EndGlobalSection
EndGlobal
